// !$*UTF8*$!
{
	archiveVersion = 1;
	classes = {
	};
	objectVersion = 50;
	objects = {

/* Begin PBXBuildFile section */
		9F218C6422AC81390012D36C /* AddCardViewController.swift in Sources */ = {isa = PBXBuildFile; fileRef = 9F218C6322AC81390012D36C /* AddCardViewController.swift */; };
		9F218C6622AC91AD0012D36C /* ImageDataManager.swift in Sources */ = {isa = PBXBuildFile; fileRef = 9F218C6522AC91AD0012D36C /* ImageDataManager.swift */; };
		9F218C6C22ACB41C0012D36C /* ImageDetect.swift in Sources */ = {isa = PBXBuildFile; fileRef = 9F218C6B22ACB41C0012D36C /* ImageDetect.swift */; };
		9FA4D09122AC69C700D49A5D /* AppDelegate.swift in Sources */ = {isa = PBXBuildFile; fileRef = 9FA4D09022AC69C700D49A5D /* AppDelegate.swift */; };
		9FA4D09322AC69C700D49A5D /* MainPageViewController.swift in Sources */ = {isa = PBXBuildFile; fileRef = 9FA4D09222AC69C700D49A5D /* MainPageViewController.swift */; };
		9FA4D09622AC69C700D49A5D /* Main.storyboard in Resources */ = {isa = PBXBuildFile; fileRef = 9FA4D09422AC69C700D49A5D /* Main.storyboard */; };
		9FA4D09922AC69C700D49A5D /* ezscan.xcdatamodeld in Sources */ = {isa = PBXBuildFile; fileRef = 9FA4D09722AC69C700D49A5D /* ezscan.xcdatamodeld */; };
		9FA4D09B22AC69C800D49A5D /* Assets.xcassets in Resources */ = {isa = PBXBuildFile; fileRef = 9FA4D09A22AC69C800D49A5D /* Assets.xcassets */; };
		9FA4D09E22AC69C800D49A5D /* LaunchScreen.storyboard in Resources */ = {isa = PBXBuildFile; fileRef = 9FA4D09C22AC69C800D49A5D /* LaunchScreen.storyboard */; };
		9FA4D0A622AC6B9F00D49A5D /* CardTableViewCell.swift in Sources */ = {isa = PBXBuildFile; fileRef = 9FA4D0A522AC6B9F00D49A5D /* CardTableViewCell.swift */; };
/* End PBXBuildFile section */

/* Begin PBXFileReference section */
		9F218C6322AC81390012D36C /* AddCardViewController.swift */ = {isa = PBXFileReference; lastKnownFileType = sourcecode.swift; path = AddCardViewController.swift; sourceTree = "<group>"; };
		9F218C6522AC91AD0012D36C /* ImageDataManager.swift */ = {isa = PBXFileReference; lastKnownFileType = sourcecode.swift; path = ImageDataManager.swift; sourceTree = "<group>"; };
		9F218C6B22ACB41C0012D36C /* ImageDetect.swift */ = {isa = PBXFileReference; fileEncoding = 4; lastKnownFileType = sourcecode.swift; path = ImageDetect.swift; sourceTree = "<group>"; };
		9FA4D08D22AC69C700D49A5D /* ezscan.app */ = {isa = PBXFileReference; explicitFileType = wrapper.application; includeInIndex = 0; path = ezscan.app; sourceTree = BUILT_PRODUCTS_DIR; };
		9FA4D09022AC69C700D49A5D /* AppDelegate.swift */ = {isa = PBXFileReference; lastKnownFileType = sourcecode.swift; path = AppDelegate.swift; sourceTree = "<group>"; };
		9FA4D09222AC69C700D49A5D /* MainPageViewController.swift */ = {isa = PBXFileReference; lastKnownFileType = sourcecode.swift; path = MainPageViewController.swift; sourceTree = "<group>"; };
		9FA4D09522AC69C700D49A5D /* Base */ = {isa = PBXFileReference; lastKnownFileType = file.storyboard; name = Base; path = Base.lproj/Main.storyboard; sourceTree = "<group>"; };
		9FA4D09822AC69C700D49A5D /* ezscan.xcdatamodel */ = {isa = PBXFileReference; lastKnownFileType = wrapper.xcdatamodel; path = ezscan.xcdatamodel; sourceTree = "<group>"; };
		9FA4D09A22AC69C800D49A5D /* Assets.xcassets */ = {isa = PBXFileReference; lastKnownFileType = folder.assetcatalog; path = Assets.xcassets; sourceTree = "<group>"; };
		9FA4D09D22AC69C800D49A5D /* Base */ = {isa = PBXFileReference; lastKnownFileType = file.storyboard; name = Base; path = Base.lproj/LaunchScreen.storyboard; sourceTree = "<group>"; };
		9FA4D09F22AC69C800D49A5D /* Info.plist */ = {isa = PBXFileReference; lastKnownFileType = text.plist.xml; path = Info.plist; sourceTree = "<group>"; };
		9FA4D0A522AC6B9F00D49A5D /* CardTableViewCell.swift */ = {isa = PBXFileReference; lastKnownFileType = sourcecode.swift; path = CardTableViewCell.swift; sourceTree = "<group>"; };
/* End PBXFileReference section */

/* Begin PBXFrameworksBuildPhase section */
		9FA4D08A22AC69C700D49A5D /* Frameworks */ = {
			isa = PBXFrameworksBuildPhase;
			buildActionMask = 2147483647;
			files = (
			);
			runOnlyForDeploymentPostprocessing = 0;
		};
/* End PBXFrameworksBuildPhase section */

/* Begin PBXGroup section */
		9FA4D08422AC69C700D49A5D = {
			isa = PBXGroup;
			children = (
				9FA4D08F22AC69C700D49A5D /* ezscan */,
				9FA4D08E22AC69C700D49A5D /* Products */,
			);
			sourceTree = "<group>";
		};
		9FA4D08E22AC69C700D49A5D /* Products */ = {
			isa = PBXGroup;
			children = (
				9FA4D08D22AC69C700D49A5D /* ezscan.app */,
			);
			name = Products;
			sourceTree = "<group>";
		};
		9FA4D08F22AC69C700D49A5D /* ezscan */ = {
			isa = PBXGroup;
			children = (
				9FA4D09022AC69C700D49A5D /* AppDelegate.swift */,
				9FA4D09222AC69C700D49A5D /* MainPageViewController.swift */,
				9FA4D0A522AC6B9F00D49A5D /* CardTableViewCell.swift */,
				9FA4D09422AC69C700D49A5D /* Main.storyboard */,
				9F218C6322AC81390012D36C /* AddCardViewController.swift */,
				9F218C6B22ACB41C0012D36C /* ImageDetect.swift */,
				9FA4D09A22AC69C800D49A5D /* Assets.xcassets */,
				9FA4D09C22AC69C800D49A5D /* LaunchScreen.storyboard */,
				9FA4D09F22AC69C800D49A5D /* Info.plist */,
				9FA4D09722AC69C700D49A5D /* ezscan.xcdatamodeld */,
				9F218C6522AC91AD0012D36C /* ImageDataManager.swift */,
			);
			path = ezscan;
			sourceTree = "<group>";
		};
/* End PBXGroup section */

/* Begin PBXNativeTarget section */
		9FA4D08C22AC69C700D49A5D /* ezscan */ = {
			isa = PBXNativeTarget;
			buildConfigurationList = 9FA4D0A222AC69C800D49A5D /* Build configuration list for PBXNativeTarget "ezscan" */;
			buildPhases = (
				9FA4D08922AC69C700D49A5D /* Sources */,
				9FA4D08A22AC69C700D49A5D /* Frameworks */,
				9FA4D08B22AC69C700D49A5D /* Resources */,
			);
			buildRules = (
			);
			dependencies = (
			);
			name = ezscan;
			productName = ezscan;
			productReference = 9FA4D08D22AC69C700D49A5D /* ezscan.app */;
			productType = "com.apple.product-type.application";
		};
/* End PBXNativeTarget section */

/* Begin PBXProject section */
		9FA4D08522AC69C700D49A5D /* Project object */ = {
			isa = PBXProject;
			attributes = {
				LastSwiftUpdateCheck = 1020;
				LastUpgradeCheck = 1020;
				TargetAttributes = {
					9FA4D08C22AC69C700D49A5D = {
						CreatedOnToolsVersion = 10.2.1;
					};
				};
			};
			buildConfigurationList = 9FA4D08822AC69C700D49A5D /* Build configuration list for PBXProject "ezscan" */;
			compatibilityVersion = "Xcode 9.3";
			developmentRegion = en;
			hasScannedForEncodings = 0;
			knownRegions = (
				en,
				Base,
			);
			mainGroup = 9FA4D08422AC69C700D49A5D;
			productRefGroup = 9FA4D08E22AC69C700D49A5D /* Products */;
			projectDirPath = "";
			projectRoot = "";
			targets = (
				9FA4D08C22AC69C700D49A5D /* ezscan */,
			);
		};
/* End PBXProject section */

/* Begin PBXResourcesBuildPhase section */
		9FA4D08B22AC69C700D49A5D /* Resources */ = {
			isa = PBXResourcesBuildPhase;
			buildActionMask = 2147483647;
			files = (
				9FA4D09E22AC69C800D49A5D /* LaunchScreen.storyboard in Resources */,
				9FA4D09B22AC69C800D49A5D /* Assets.xcassets in Resources */,
				9FA4D09622AC69C700D49A5D /* Main.storyboard in Resources */,
			);
			runOnlyForDeploymentPostprocessing = 0;
		};
/* End PBXResourcesBuildPhase section */

/* Begin PBXSourcesBuildPhase section */
		9FA4D08922AC69C700D49A5D /* Sources */ = {
			isa = PBXSourcesBuildPhase;
			buildActionMask = 2147483647;
			files = (
				9FA4D09322AC69C700D49A5D /* MainPageViewController.swift in Sources */,
				9F218C6622AC91AD0012D36C /* ImageDataManager.swift in Sources */,
				9FA4D09122AC69C700D49A5D /* AppDelegate.swift in Sources */,
				9FA4D09922AC69C700D49A5D /* ezscan.xcdatamodeld in Sources */,
				9FA4D0A622AC6B9F00D49A5D /* CardTableViewCell.swift in Sources */,
				9F218C6C22ACB41C0012D36C /* ImageDetect.swift in Sources */,
				9F218C6422AC81390012D36C /* AddCardViewController.swift in Sources */,
			);
			runOnlyForDeploymentPostprocessing = 0;
		};
/* End PBXSourcesBuildPhase section */

/* Begin PBXVariantGroup section */
		9FA4D09422AC69C700D49A5D /* Main.storyboard */ = {
			isa = PBXVariantGroup;
			children = (
				9FA4D09522AC69C700D49A5D /* Base */,
			);
			name = Main.storyboard;
			sourceTree = "<group>";
		};
		9FA4D09C22AC69C800D49A5D /* LaunchScreen.storyboard */ = {
			isa = PBXVariantGroup;
			children = (
				9FA4D09D22AC69C800D49A5D /* Base */,
			);
			name = LaunchScreen.storyboard;
			sourceTree = "<group>";
		};
/* End PBXVariantGroup section */

/* Begin XCBuildConfiguration section */
		9FA4D0A022AC69C800D49A5D /* Debug */ = {
			isa = XCBuildConfiguration;
			buildSettings = {
				ALWAYS_SEARCH_USER_PATHS = NO;
				CLANG_ANALYZER_NONNULL = YES;
				CLANG_ANALYZER_NUMBER_OBJECT_CONVERSION = YES_AGGRESSIVE;
				CLANG_CXX_LANGUAGE_STANDARD = "gnu++14";
				CLANG_CXX_LIBRARY = "libc++";
				CLANG_ENABLE_MODULES = YES;
				CLANG_ENABLE_OBJC_ARC = YES;
				CLANG_ENABLE_OBJC_WEAK = YES;
				CLANG_WARN_BLOCK_CAPTURE_AUTORELEASING = YES;
				CLANG_WARN_BOOL_CONVERSION = YES;
				CLANG_WARN_COMMA = YES;
				CLANG_WARN_CONSTANT_CONVERSION = YES;
				CLANG_WARN_DEPRECATED_OBJC_IMPLEMENTATIONS = YES;
				CLANG_WARN_DIRECT_OBJC_ISA_USAGE = YES_ERROR;
				CLANG_WARN_DOCUMENTATION_COMMENTS = YES;
				CLANG_WARN_EMPTY_BODY = YES;
				CLANG_WARN_ENUM_CONVERSION = YES;
				CLANG_WARN_INFINITE_RECURSION = YES;
				CLANG_WARN_INT_CONVERSION = YES;
				CLANG_WARN_NON_LITERAL_NULL_CONVERSION = YES;
				CLANG_WARN_OBJC_IMPLICIT_RETAIN_SELF = YES;
				CLANG_WARN_OBJC_LITERAL_CONVERSION = YES;
				CLANG_WARN_OBJC_ROOT_CLASS = YES_ERROR;
				CLANG_WARN_RANGE_LOOP_ANALYSIS = YES;
				CLANG_WARN_STRICT_PROTOTYPES = YES;
				CLANG_WARN_SUSPICIOUS_MOVE = YES;
				CLANG_WARN_UNGUARDED_AVAILABILITY = YES_AGGRESSIVE;
				CLANG_WARN_UNREACHABLE_CODE = YES;
				CLANG_WARN__DUPLICATE_METHOD_MATCH = YES;
				CODE_SIGN_IDENTITY = "iPhone Developer";
				COPY_PHASE_STRIP = NO;
				DEBUG_INFORMATION_FORMAT = dwarf;
				ENABLE_STRICT_OBJC_MSGSEND = YES;
				ENABLE_TESTABILITY = YES;
				GCC_C_LANGUAGE_STANDARD = gnu11;
				GCC_DYNAMIC_NO_PIC = NO;
				GCC_NO_COMMON_BLOCKS = YES;
				GCC_OPTIMIZATION_LEVEL = 0;
				GCC_PREPROCESSOR_DEFINITIONS = (
					"DEBUG=1",
					"$(inherited)",
				);
				GCC_WARN_64_TO_32_BIT_CONVERSION = YES;
				GCC_WARN_ABOUT_RETURN_TYPE = YES_ERROR;
				GCC_WARN_UNDECLARED_SELECTOR = YES;
				GCC_WARN_UNINITIALIZED_AUTOS = YES_AGGRESSIVE;
				GCC_WARN_UNUSED_FUNCTION = YES;
				GCC_WARN_UNUSED_VARIABLE = YES;
				IPHONEOS_DEPLOYMENT_TARGET = 12.2;
				MTL_ENABLE_DEBUG_INFO = INCLUDE_SOURCE;
				MTL_FAST_MATH = YES;
				ONLY_ACTIVE_ARCH = YES;
				SDKROOT = iphoneos;
				SWIFT_ACTIVE_COMPILATION_CONDITIONS = DEBUG;
				SWIFT_OPTIMIZATION_LEVEL = "-Onone";
			};
			name = Debug;
		};
		9FA4D0A122AC69C800D49A5D /* Release */ = {
			isa = XCBuildConfiguration;
			buildSettings = {
				ALWAYS_SEARCH_USER_PATHS = NO;
				CLANG_ANALYZER_NONNULL = YES;
				CLANG_ANALYZER_NUMBER_OBJECT_CONVERSION = YES_AGGRESSIVE;
				CLANG_CXX_LANGUAGE_STANDARD = "gnu++14";
				CLANG_CXX_LIBRARY = "libc++";
				CLANG_ENABLE_MODULES = YES;
				CLANG_ENABLE_OBJC_ARC = YES;
				CLANG_ENABLE_OBJC_WEAK = YES;
				CLANG_WARN_BLOCK_CAPTURE_AUTORELEASING = YES;
				CLANG_WARN_BOOL_CONVERSION = YES;
				CLANG_WARN_COMMA = YES;
				CLANG_WARN_CONSTANT_CONVERSION = YES;
				CLANG_WARN_DEPRECATED_OBJC_IMPLEMENTATIONS = YES;
				CLANG_WARN_DIRECT_OBJC_ISA_USAGE = YES_ERROR;
				CLANG_WARN_DOCUMENTATION_COMMENTS = YES;
				CLANG_WARN_EMPTY_BODY = YES;
				CLANG_WARN_ENUM_CONVERSION = YES;
				CLANG_WARN_INFINITE_RECURSION = YES;
				CLANG_WARN_INT_CONVERSION = YES;
				CLANG_WARN_NON_LITERAL_NULL_CONVERSION = YES;
				CLANG_WARN_OBJC_IMPLICIT_RETAIN_SELF = YES;
				CLANG_WARN_OBJC_LITERAL_CONVERSION = YES;
				CLANG_WARN_OBJC_ROOT_CLASS = YES_ERROR;
				CLANG_WARN_RANGE_LOOP_ANALYSIS = YES;
				CLANG_WARN_STRICT_PROTOTYPES = YES;
				CLANG_WARN_SUSPICIOUS_MOVE = YES;
				CLANG_WARN_UNGUARDED_AVAILABILITY = YES_AGGRESSIVE;
				CLANG_WARN_UNREACHABLE_CODE = YES;
				CLANG_WARN__DUPLICATE_METHOD_MATCH = YES;
				CODE_SIGN_IDENTITY = "iPhone Developer";
				COPY_PHASE_STRIP = NO;
				DEBUG_INFORMATION_FORMAT = "dwarf-with-dsym";
				ENABLE_NS_ASSERTIONS = NO;
				ENABLE_STRICT_OBJC_MSGSEND = YES;
				GCC_C_LANGUAGE_STANDARD = gnu11;
				GCC_NO_COMMON_BLOCKS = YES;
				GCC_WARN_64_TO_32_BIT_CONVERSION = YES;
				GCC_WARN_ABOUT_RETURN_TYPE = YES_ERROR;
				GCC_WARN_UNDECLARED_SELECTOR = YES;
				GCC_WARN_UNINITIALIZED_AUTOS = YES_AGGRESSIVE;
				GCC_WARN_UNUSED_FUNCTION = YES;
				GCC_WARN_UNUSED_VARIABLE = YES;
				IPHONEOS_DEPLOYMENT_TARGET = 12.2;
				MTL_ENABLE_DEBUG_INFO = NO;
				MTL_FAST_MATH = YES;
				SDKROOT = iphoneos;
				SWIFT_COMPILATION_MODE = wholemodule;
				SWIFT_OPTIMIZATION_LEVEL = "-O";
				VALIDATE_PRODUCT = YES;
			};
			name = Release;
		};
		9FA4D0A322AC69C800D49A5D /* Debug */ = {
			isa = XCBuildConfiguration;
			buildSettings = {
				ASSETCATALOG_COMPILER_APPICON_NAME = AppIcon;
				CODE_SIGN_STYLE = Automatic;
				DEVELOPMENT_TEAM = 36CNP65VL6;
				INFOPLIST_FILE = ezscan/Info.plist;
				IPHONEOS_DEPLOYMENT_TARGET = 11.3;
				LD_RUNPATH_SEARCH_PATHS = (
					"$(inherited)",
					"@executable_path/Frameworks",
				);
				PRODUCT_BUNDLE_IDENTIFIER = com.example.ezscan1;
				PRODUCT_NAME = "$(TARGET_NAME)";
				SWIFT_VERSION = 5.0;
				TARGETED_DEVICE_FAMILY = "1,2";
			};
			name = Debug;
		};
		9FA4D0A422AC69C800D49A5D /* Release */ = {
			isa = XCBuildConfiguration;
			buildSettings = {
				ASSETCATALOG_COMPILER_APPICON_NAME = AppIcon;
				CODE_SIGN_STYLE = Automatic;
				DEVELOPMENT_TEAM = 36CNP65VL6;
				INFOPLIST_FILE = ezscan/Info.plist;
				IPHONEOS_DEPLOYMENT_TARGET = 11.3;
				LD_RUNPATH_SEARCH_PATHS = (
					"$(inherited)",
					"@executable_path/Frameworks",
				);
				PRODUCT_BUNDLE_IDENTIFIER = com.example.ezscan1;
				PRODUCT_NAME = "$(TARGET_NAME)";
				SWIFT_VERSION = 5.0;
				TARGETED_DEVICE_FAMILY = "1,2";
			};
			name = Release;
		};
/* End XCBuildConfiguration section */

/* Begin XCConfigurationList section */
		9FA4D08822AC69C700D49A5D /* Build configuration list for PBXProject "ezscan" */ = {
			isa = XCConfigurationList;
			buildConfigurations = (
				9FA4D0A022AC69C800D49A5D /* Debug */,
				9FA4D0A122AC69C800D49A5D /* Release */,
			);
			defaultConfigurationIsVisible = 0;
			defaultConfigurationName = Release;
		};
		9FA4D0A222AC69C800D49A5D /* Build configuration list for PBXNativeTarget "ezscan" */ = {
			isa = XCConfigurationList;
			buildConfigurations = (
				9FA4D0A322AC69C800D49A5D /* Debug */,
				9FA4D0A422AC69C800D49A5D /* Release */,
			);
			defaultConfigurationIsVisible = 0;
			defaultConfigurationName = Release;
		};
/* End XCConfigurationList section */

/* Begin XCVersionGroup section */
		9FA4D09722AC69C700D49A5D /* ezscan.xcdatamodeld */ = {
			isa = XCVersionGroup;
			children = (
				9FA4D09822AC69C700D49A5D /* ezscan.xcdatamodel */,
			);
			currentVersion = 9FA4D09822AC69C700D49A5D /* ezscan.xcdatamodel */;
			path = ezscan.xcdatamodeld;
			sourceTree = "<group>";
			versionGroupType = wrapper.xcdatamodel;
		};
/* End XCVersionGroup section */
	};
	rootObject = 9FA4D08522AC69C700D49A5D /* Project object */;
}
